// !$*UTF8*$!
{
	archiveVersion = 1;
	classes = {
	};
	objectVersion = 50;
	objects = {

/* Begin PBXBuildFile section */
		480B9E4724156FEE00C0EE52 /* AppDelegate.swift in Sources */ = {isa = PBXBuildFile; fileRef = 480B9E4624156FEE00C0EE52 /* AppDelegate.swift */; };
		480B9E4924156FEE00C0EE52 /* SceneDelegate.swift in Sources */ = {isa = PBXBuildFile; fileRef = 480B9E4824156FEE00C0EE52 /* SceneDelegate.swift */; };
		480B9E4B24156FEE00C0EE52 /* ViewController.swift in Sources */ = {isa = PBXBuildFile; fileRef = 480B9E4A24156FEE00C0EE52 /* ViewController.swift */; };
		480B9E4E24156FEE00C0EE52 /* Main.storyboard in Resources */ = {isa = PBXBuildFile; fileRef = 480B9E4C24156FEE00C0EE52 /* Main.storyboard */; };
		480B9E5024156FF500C0EE52 /* Assets.xcassets in Resources */ = {isa = PBXBuildFile; fileRef = 480B9E4F24156FF500C0EE52 /* Assets.xcassets */; };
		480B9E5324156FF500C0EE52 /* LaunchScreen.storyboard in Resources */ = {isa = PBXBuildFile; fileRef = 480B9E5124156FF500C0EE52 /* LaunchScreen.storyboard */; };
/* End PBXBuildFile section */

/* Begin PBXFileReference section */
		480B9E4324156FEE00C0EE52 /* MathGeni.app */ = {isa = PBXFileReference; explicitFileType = wrapper.application; includeInIndex = 0; path = MathGeni.app; sourceTree = BUILT_PRODUCTS_DIR; };
		480B9E4624156FEE00C0EE52 /* AppDelegate.swift */ = {isa = PBXFileReference; lastKnownFileType = sourcecode.swift; path = AppDelegate.swift; sourceTree = "<group>"; };
		480B9E4824156FEE00C0EE52 /* SceneDelegate.swift */ = {isa = PBXFileReference; lastKnownFileType = sourcecode.swift; path = SceneDelegate.swift; sourceTree = "<group>"; };
		480B9E4A24156FEE00C0EE52 /* ViewController.swift */ = {isa = PBXFileReference; lastKnownFileType = sourcecode.swift; path = ViewController.swift; sourceTree = "<group>"; };
		480B9E4D24156FEE00C0EE52 /* Base */ = {isa = PBXFileReference; lastKnownFileType = file.storyboard; name = Base; path = Base.lproj/Main.storyboard; sourceTree = "<group>"; };
		480B9E4F24156FF500C0EE52 /* Assets.xcassets */ = {isa = PBXFileReference; lastKnownFileType = folder.assetcatalog; path = Assets.xcassets; sourceTree = "<group>"; };
		480B9E5224156FF500C0EE52 /* Base */ = {isa = PBXFileReference; lastKnownFileType = file.storyboard; name = Base; path = Base.lproj/LaunchScreen.storyboard; sourceTree = "<group>"; };
		480B9E5424156FF500C0EE52 /* Info.plist */ = {isa = PBXFileReference; lastKnownFileType = text.plist.xml; path = Info.plist; sourceTree = "<group>"; };
/* End PBXFileReference section */

/* Begin PBXFrameworksBuildPhase section */
		480B9E4024156FEE00C0EE52 /* Frameworks */ = {
			isa = PBXFrameworksBuildPhase;
			buildActionMask = 2147483647;
			files = (
			);
			runOnlyForDeploymentPostprocessing = 0;
		};
/* End PBXFrameworksBuildPhase section */

/* Begin PBXGroup section */
		480B9E3A24156FEE00C0EE52 = {
			isa = PBXGroup;
			children = (
				480B9E4524156FEE00C0EE52 /* MathGeni */,
				480B9E4424156FEE00C0EE52 /* Products */,
			);
			sourceTree = "<group>";
		};
		480B9E4424156FEE00C0EE52 /* Products */ = {
			isa = PBXGroup;
			children = (
				480B9E4324156FEE00C0EE52 /* MathGeni.app */,
			);
			name = Products;
			sourceTree = "<group>";
		};
		480B9E4524156FEE00C0EE52 /* MathGeni */ = {
			isa = PBXGroup;
			children = (
				480B9E4624156FEE00C0EE52 /* AppDelegate.swift */,
				480B9E4824156FEE00C0EE52 /* SceneDelegate.swift */,
				480B9E4A24156FEE00C0EE52 /* ViewController.swift */,
				480B9E4C24156FEE00C0EE52 /* Main.storyboard */,
				480B9E4F24156FF500C0EE52 /* Assets.xcassets */,
				480B9E5124156FF500C0EE52 /* LaunchScreen.storyboard */,
				480B9E5424156FF500C0EE52 /* Info.plist */,
			);
			path = MathGeni;
			sourceTree = "<group>";
		};
/* End PBXGroup section */

/* Begin PBXNativeTarget section */
		480B9E4224156FEE00C0EE52 /* MathGeni */ = {
			isa = PBXNativeTarget;
			buildConfigurationList = 480B9E5724156FF500C0EE52 /* Build configuration list for PBXNativeTarget "MathGeni" */;
			buildPhases = (
				480B9E3F24156FEE00C0EE52 /* Sources */,
				480B9E4024156FEE00C0EE52 /* Frameworks */,
				480B9E4124156FEE00C0EE52 /* Resources */,
			);
			buildRules = (
			);
			dependencies = (
			);
			name = MathGeni;
			productName = MathGeni;
			productReference = 480B9E4324156FEE00C0EE52 /* MathGeni.app */;
			productType = "com.apple.product-type.application";
		};
/* End PBXNativeTarget section */

/* Begin PBXProject section */
		480B9E3B24156FEE00C0EE52 /* Project object */ = {
			isa = PBXProject;
			attributes = {
				LastSwiftUpdateCheck = 1130;
				LastUpgradeCheck = 1130;
				ORGANIZATIONNAME = "Bilgihan Kose";
				TargetAttributes = {
					480B9E4224156FEE00C0EE52 = {
						CreatedOnToolsVersion = 11.3.1;
					};
				};
			};
			buildConfigurationList = 480B9E3E24156FEE00C0EE52 /* Build configuration list for PBXProject "MathGeni" */;
			compatibilityVersion = "Xcode 9.3";
			developmentRegion = en;
			hasScannedForEncodings = 0;
			knownRegions = (
				en,
				Base,
			);
			mainGroup = 480B9E3A24156FEE00C0EE52;
			productRefGroup = 480B9E4424156FEE00C0EE52 /* Products */;
			projectDirPath = "";
			projectRoot = "";
			targets = (
				480B9E4224156FEE00C0EE52 /* MathGeni */,
			);
		};
/* End PBXProject section */

/* Begin PBXResourcesBuildPhase section */
		480B9E4124156FEE00C0EE52 /* Resources */ = {
			isa = PBXResourcesBuildPhase;
			buildActionMask = 2147483647;
			files = (
				480B9E5324156FF500C0EE52 /* LaunchScreen.storyboard in Resources */,
				480B9E5024156FF500C0EE52 /* Assets.xcassets in Resources */,
				480B9E4E24156FEE00C0EE52 /* Main.storyboard in Resources */,
			);
			runOnlyForDeploymentPostprocessing = 0;
		};
/* End PBXResourcesBuildPhase section */

/* Begin PBXSourcesBuildPhase section */
		480B9E3F24156FEE00C0EE52 /* Sources */ = {
			isa = PBXSourcesBuildPhase;
			buildActionMask = 2147483647;
			files = (
				480B9E4B24156FEE00C0EE52 /* ViewController.swift in Sources */,
				480B9E4724156FEE00C0EE52 /* AppDelegate.swift in Sources */,
				480B9E4924156FEE00C0EE52 /* SceneDelegate.swift in Sources */,
			);
			runOnlyForDeploymentPostprocessing = 0;
		};
/* End PBXSourcesBuildPhase section */

/* Begin PBXVariantGroup section */
		480B9E4C24156FEE00C0EE52 /* Main.storyboard */ = {
			isa = PBXVariantGroup;
			children = (
				480B9E4D24156FEE00C0EE52 /* Base */,
			);
			name = Main.storyboard;
			sourceTree = "<group>";
		};
		480B9E5124156FF500C0EE52 /* LaunchScreen.storyboard */ = {
			isa = PBXVariantGroup;
			children = (
				480B9E5224156FF500C0EE52 /* Base */,
			);
			name = LaunchScreen.storyboard;
			sourceTree = "<group>";
		};
/* End PBXVariantGroup section */

/* Begin XCBuildConfiguration section */
		480B9E5524156FF500C0EE52 /* Debug */ = {
			isa = XCBuildConfiguration;
			buildSettings = {
				ALWAYS_SEARCH_USER_PATHS = NO;
				CLANG_ANALYZER_NONNULL = YES;
				CLANG_ANALYZER_NUMBER_OBJECT_CONVERSION = YES_AGGRESSIVE;
				CLANG_CXX_LANGUAGE_STANDARD = "gnu++14";
				CLANG_CXX_LIBRARY = "libc++";
				CLANG_ENABLE_MODULES = YES;
				CLANG_ENABLE_OBJC_ARC = YES;
				CLANG_ENABLE_OBJC_WEAK = YES;
				CLANG_WARN_BLOCK_CAPTURE_AUTORELEASING = YES;
				CLANG_WARN_BOOL_CONVERSION = YES;
				CLANG_WARN_COMMA = YES;
				CLANG_WARN_CONSTANT_CONVERSION = YES;
				CLANG_WARN_DEPRECATED_OBJC_IMPLEMENTATIONS = YES;
				CLANG_WARN_DIRECT_OBJC_ISA_USAGE = YES_ERROR;
				CLANG_WARN_DOCUMENTATION_COMMENTS = YES;
				CLANG_WARN_EMPTY_BODY = YES;
				CLANG_WARN_ENUM_CONVERSION = YES;
				CLANG_WARN_INFINITE_RECURSION = YES;
				CLANG_WARN_INT_CONVERSION = YES;
				CLANG_WARN_NON_LITERAL_NULL_CONVERSION = YES;
				CLANG_WARN_OBJC_IMPLICIT_RETAIN_SELF = YES;
				CLANG_WARN_OBJC_LITERAL_CONVERSION = YES;
				CLANG_WARN_OBJC_ROOT_CLASS = YES_ERROR;
				CLANG_WARN_RANGE_LOOP_ANALYSIS = YES;
				CLANG_WARN_STRICT_PROTOTYPES = YES;
				CLANG_WARN_SUSPICIOUS_MOVE = YES;
				CLANG_WARN_UNGUARDED_AVAILABILITY = YES_AGGRESSIVE;
				CLANG_WARN_UNREACHABLE_CODE = YES;
				CLANG_WARN__DUPLICATE_METHOD_MATCH = YES;
				COPY_PHASE_STRIP = NO;
				DEBUG_INFORMATION_FORMAT = dwarf;
				ENABLE_STRICT_OBJC_MSGSEND = YES;
				ENABLE_TESTABILITY = YES;
				GCC_C_LANGUAGE_STANDARD = gnu11;
				GCC_DYNAMIC_NO_PIC = NO;
				GCC_NO_COMMON_BLOCKS = YES;
				GCC_OPTIMIZATION_LEVEL = 0;
				GCC_PREPROCESSOR_DEFINITIONS = (
					"DEBUG=1",
					"$(inherited)",
				);
				GCC_WARN_64_TO_32_BIT_CONVERSION = YES;
				GCC_WARN_ABOUT_RETURN_TYPE = YES_ERROR;
				GCC_WARN_UNDECLARED_SELECTOR = YES;
				GCC_WARN_UNINITIALIZED_AUTOS = YES_AGGRESSIVE;
				GCC_WARN_UNUSED_FUNCTION = YES;
				GCC_WARN_UNUSED_VARIABLE = YES;
				IPHONEOS_DEPLOYMENT_TARGET = 13.2;
				MTL_ENABLE_DEBUG_INFO = INCLUDE_SOURCE;
				MTL_FAST_MATH = YES;
				ONLY_ACTIVE_ARCH = YES;
				SDKROOT = iphoneos;
				SWIFT_ACTIVE_COMPILATION_CONDITIONS = DEBUG;
				SWIFT_OPTIMIZATION_LEVEL = "-Onone";
			};
			name = Debug;
		};
		480B9E5624156FF500C0EE52 /* Release */ = {
			isa = XCBuildConfiguration;
			buildSettings = {
				ALWAYS_SEARCH_USER_PATHS = NO;
				CLANG_ANALYZER_NONNULL = YES;
				CLANG_ANALYZER_NUMBER_OBJECT_CONVERSION = YES_AGGRESSIVE;
				CLANG_CXX_LANGUAGE_STANDARD = "gnu++14";
				CLANG_CXX_LIBRARY = "libc++";
				CLANG_ENABLE_MODULES = YES;
				CLANG_ENABLE_OBJC_ARC = YES;
				CLANG_ENABLE_OBJC_WEAK = YES;
				CLANG_WARN_BLOCK_CAPTURE_AUTORELEASING = YES;
				CLANG_WARN_BOOL_CONVERSION = YES;
				CLANG_WARN_COMMA = YES;
				CLANG_WARN_CONSTANT_CONVERSION = YES;
				CLANG_WARN_DEPRECATED_OBJC_IMPLEMENTATIONS = YES;
				CLANG_WARN_DIRECT_OBJC_ISA_USAGE = YES_ERROR;
				CLANG_WARN_DOCUMENTATION_COMMENTS = YES;
				CLANG_WARN_EMPTY_BODY = YES;
				CLANG_WARN_ENUM_CONVERSION = YES;
				CLANG_WARN_INFINITE_RECURSION = YES;
				CLANG_WARN_INT_CONVERSION = YES;
				CLANG_WARN_NON_LITERAL_NULL_CONVERSION = YES;
				CLANG_WARN_OBJC_IMPLICIT_RETAIN_SELF = YES;
				CLANG_WARN_OBJC_LITERAL_CONVERSION = YES;
				CLANG_WARN_OBJC_ROOT_CLASS = YES_ERROR;
				CLANG_WARN_RANGE_LOOP_ANALYSIS = YES;
				CLANG_WARN_STRICT_PROTOTYPES = YES;
				CLANG_WARN_SUSPICIOUS_MOVE = YES;
				CLANG_WARN_UNGUARDED_AVAILABILITY = YES_AGGRESSIVE;
				CLANG_WARN_UNREACHABLE_CODE = YES;
				CLANG_WARN__DUPLICATE_METHOD_MATCH = YES;
				COPY_PHASE_STRIP = NO;
				DEBUG_INFORMATION_FORMAT = "dwarf-with-dsym";
				ENABLE_NS_ASSERTIONS = NO;
				ENABLE_STRICT_OBJC_MSGSEND = YES;
				GCC_C_LANGUAGE_STANDARD = gnu11;
				GCC_NO_COMMON_BLOCKS = YES;
				GCC_WARN_64_TO_32_BIT_CONVERSION = YES;
				GCC_WARN_ABOUT_RETURN_TYPE = YES_ERROR;
				GCC_WARN_UNDECLARED_SELECTOR = YES;
				GCC_WARN_UNINITIALIZED_AUTOS = YES_AGGRESSIVE;
				GCC_WARN_UNUSED_FUNCTION = YES;
				GCC_WARN_UNUSED_VARIABLE = YES;
				IPHONEOS_DEPLOYMENT_TARGET = 13.2;
				MTL_ENABLE_DEBUG_INFO = NO;
				MTL_FAST_MATH = YES;
				SDKROOT = iphoneos;
				SWIFT_COMPILATION_MODE = wholemodule;
				SWIFT_OPTIMIZATION_LEVEL = "-O";
				VALIDATE_PRODUCT = YES;
			};
			name = Release;
		};
		480B9E5824156FF500C0EE52 /* Debug */ = {
			isa = XCBuildConfiguration;
			buildSettings = {
				ASSETCATALOG_COMPILER_APPICON_NAME = AppIcon;
				CODE_SIGN_STYLE = Automatic;
				DEVELOPMENT_TEAM = 9N3N56J5WQ;
				INFOPLIST_FILE = MathGeni/Info.plist;
				LD_RUNPATH_SEARCH_PATHS = (
					"$(inherited)",
					"@executable_path/Frameworks",
				);
				PRODUCT_BUNDLE_IDENTIFIER = com.bilgihankose.MathGeni;
				PRODUCT_NAME = "$(TARGET_NAME)";
				SWIFT_VERSION = 5.0;
				TARGETED_DEVICE_FAMILY = "1,2";
			};
			name = Debug;
		};
		480B9E5924156FF500C0EE52 /* Release */ = {
			isa = XCBuildConfiguration;
			buildSettings = {
				ASSETCATALOG_COMPILER_APPICON_NAME = AppIcon;
				CODE_SIGN_STYLE = Automatic;
				DEVELOPMENT_TEAM = 9N3N56J5WQ;
				INFOPLIST_FILE = MathGeni/Info.plist;
				LD_RUNPATH_SEARCH_PATHS = (
					"$(inherited)",
					"@executable_path/Frameworks",
				);
				PRODUCT_BUNDLE_IDENTIFIER = com.bilgihankose.MathGeni;
				PRODUCT_NAME = "$(TARGET_NAME)";
				SWIFT_VERSION = 5.0;
				TARGETED_DEVICE_FAMILY = "1,2";
			};
			name = Release;
		};
/* End XCBuildConfiguration section */

/* Begin XCConfigurationList section */
		480B9E3E24156FEE00C0EE52 /* Build configuration list for PBXProject "MathGeni" */ = {
			isa = XCConfigurationList;
			buildConfigurations = (
				480B9E5524156FF500C0EE52 /* Debug */,
				480B9E5624156FF500C0EE52 /* Release */,
			);
			defaultConfigurationIsVisible = 0;
			defaultConfigurationName = Release;
		};
		480B9E5724156FF500C0EE52 /* Build configuration list for PBXNativeTarget "MathGeni" */ = {
			isa = XCConfigurationList;
			buildConfigurations = (
				480B9E5824156FF500C0EE52 /* Debug */,
				480B9E5924156FF500C0EE52 /* Release */,
			);
			defaultConfigurationIsVisible = 0;
			defaultConfigurationName = Release;
		};
/* End XCConfigurationList section */
	};
	rootObject = 480B9E3B24156FEE00C0EE52 /* Project object */;
}
